// !$*UTF8*$!
{
	archiveVersion = 1;
	classes = {
	};
	objectVersion = 77;
	objects = {

/* Begin PBXBuildFile section */
		998882F22EF6B25600B429C7 /* GoogleService-Info.plist in Resources */ = {isa = PBXBuildFile; fileRef = 998882F12EF6B25600B429C7 /* GoogleService-Info.plist */; };
		99CFC30B2EF696920026F4D5 /* FirebaseAI in Frameworks */ = {isa = PBXBuildFile; productRef = 99CFC30A2EF696920026F4D5 /* FirebaseAI */; };
		99CFC30D2EF696920026F4D5 /* FirebaseAILogic in Frameworks */ = {isa = PBXBuildFile; productRef = 99CFC30C2EF696920026F4D5 /* FirebaseAILogic */; };
		99CFC30F2EF696920026F4D5 /* FirebaseAnalytics in Frameworks */ = {isa = PBXBuildFile; productRef = 99CFC30E2EF696920026F4D5 /* FirebaseAnalytics */; };
		99CFC3112EF696920026F4D5 /* FirebaseAnalyticsCore in Frameworks */ = {isa = PBXBuildFile; productRef = 99CFC3102EF696920026F4D5 /* FirebaseAnalyticsCore */; };
		99CFC3132EF696920026F4D5 /* FirebaseAnalyticsIdentitySupport in Frameworks */ = {isa = PBXBuildFile; productRef = 99CFC3122EF696920026F4D5 /* FirebaseAnalyticsIdentitySupport */; };
/* End PBXBuildFile section */

/* Begin PBXContainerItemProxy section */
		997E23A12EF3303C004E0E31 /* PBXContainerItemProxy */ = {
			isa = PBXContainerItemProxy;
			containerPortal = 997E23852EF33039004E0E31 /* Project object */;
			proxyType = 1;
			remoteGlobalIDString = 997E238C2EF33039004E0E31;
			remoteInfo = fizz;
		};
		997E23AB2EF3303D004E0E31 /* PBXContainerItemProxy */ = {
			isa = PBXContainerItemProxy;
			containerPortal = 997E23852EF33039004E0E31 /* Project object */;
			proxyType = 1;
			remoteGlobalIDString = 997E238C2EF33039004E0E31;
			remoteInfo = fizz;
		};
/* End PBXContainerItemProxy section */

/* Begin PBXFileReference section */
		997E238D2EF33039004E0E31 /* fizz.app */ = {isa = PBXFileReference; explicitFileType = wrapper.application; includeInIndex = 0; path = fizz.app; sourceTree = BUILT_PRODUCTS_DIR; };
		997E23A02EF3303C004E0E31 /* fizzTests.xctest */ = {isa = PBXFileReference; explicitFileType = wrapper.cfbundle; includeInIndex = 0; path = fizzTests.xctest; sourceTree = BUILT_PRODUCTS_DIR; };
		997E23AA2EF3303D004E0E31 /* fizzUITests.xctest */ = {isa = PBXFileReference; explicitFileType = wrapper.cfbundle; includeInIndex = 0; path = fizzUITests.xctest; sourceTree = BUILT_PRODUCTS_DIR; };
		998882F12EF6B25600B429C7 /* GoogleService-Info.plist */ = {isa = PBXFileReference; lastKnownFileType = text.plist.xml; path = "GoogleService-Info.plist"; sourceTree = "<group>"; };
/* End PBXFileReference section */

/* Begin PBXFileSystemSynchronizedRootGroup section */
		997E238F2EF33039004E0E31 /* fizz */ = {
			isa = PBXFileSystemSynchronizedRootGroup;
			path = fizz;
			sourceTree = "<group>";
		};
		997E23A32EF3303C004E0E31 /* fizzTests */ = {
			isa = PBXFileSystemSynchronizedRootGroup;
			path = fizzTests;
			sourceTree = "<group>";
		};
		997E23AD2EF3303D004E0E31 /* fizzUITests */ = {
			isa = PBXFileSystemSynchronizedRootGroup;
			path = fizzUITests;
			sourceTree = "<group>";
		};
/* End PBXFileSystemSynchronizedRootGroup section */

/* Begin PBXFrameworksBuildPhase section */
		997E238A2EF33039004E0E31 /* Frameworks */ = {
			isa = PBXFrameworksBuildPhase;
			buildActionMask = 2147483647;
			files = (
				99CFC30D2EF696920026F4D5 /* FirebaseAILogic in Frameworks */,
				99CFC3132EF696920026F4D5 /* FirebaseAnalyticsIdentitySupport in Frameworks */,
				99CFC30B2EF696920026F4D5 /* FirebaseAI in Frameworks */,
				99CFC30F2EF696920026F4D5 /* FirebaseAnalytics in Frameworks */,
				99CFC3112EF696920026F4D5 /* FirebaseAnalyticsCore in Frameworks */,
			);
			runOnlyForDeploymentPostprocessing = 0;
		};
		997E239D2EF3303C004E0E31 /* Frameworks */ = {
			isa = PBXFrameworksBuildPhase;
			buildActionMask = 2147483647;
			files = (
			);
			runOnlyForDeploymentPostprocessing = 0;
		};
		997E23A72EF3303D004E0E31 /* Frameworks */ = {
			isa = PBXFrameworksBuildPhase;
			buildActionMask = 2147483647;
			files = (
			);
			runOnlyForDeploymentPostprocessing = 0;
		};
/* End PBXFrameworksBuildPhase section */

/* Begin PBXGroup section */
		997E23842EF33039004E0E31 = {
			isa = PBXGroup;
			children = (
				997E238F2EF33039004E0E31 /* fizz */,
				997E23A32EF3303C004E0E31 /* fizzTests */,
				997E23AD2EF3303D004E0E31 /* fizzUITests */,
				997E238E2EF33039004E0E31 /* Products */,
				998882F12EF6B25600B429C7 /* GoogleService-Info.plist */,
			);
			sourceTree = "<group>";
		};
		997E238E2EF33039004E0E31 /* Products */ = {
			isa = PBXGroup;
			children = (
				997E238D2EF33039004E0E31 /* fizz.app */,
				997E23A02EF3303C004E0E31 /* fizzTests.xctest */,
				997E23AA2EF3303D004E0E31 /* fizzUITests.xctest */,
			);
			name = Products;
			sourceTree = "<group>";
		};
/* End PBXGroup section */

/* Begin PBXNativeTarget section */
		997E238C2EF33039004E0E31 /* fizz */ = {
			isa = PBXNativeTarget;
			buildConfigurationList = 997E23B42EF3303D004E0E31 /* Build configuration list for PBXNativeTarget "fizz" */;
			buildPhases = (
				997E23892EF33039004E0E31 /* Sources */,
				997E238A2EF33039004E0E31 /* Frameworks */,
				997E238B2EF33039004E0E31 /* Resources */,
			);
			buildRules = (
			);
			dependencies = (
			);
			fileSystemSynchronizedGroups = (
				997E238F2EF33039004E0E31 /* fizz */,
			);
			name = fizz;
			packageProductDependencies = (
				99CFC30A2EF696920026F4D5 /* FirebaseAI */,
				99CFC30C2EF696920026F4D5 /* FirebaseAILogic */,
				99CFC30E2EF696920026F4D5 /* FirebaseAnalytics */,
				99CFC3102EF696920026F4D5 /* FirebaseAnalyticsCore */,
				99CFC3122EF696920026F4D5 /* FirebaseAnalyticsIdentitySupport */,
			);
			productName = fizz;
			productReference = 997E238D2EF33039004E0E31 /* fizz.app */;
			productType = "com.apple.product-type.application";
		};
		997E239F2EF3303C004E0E31 /* fizzTests */ = {
			isa = PBXNativeTarget;
			buildConfigurationList = 997E23B72EF3303D004E0E31 /* Build configuration list for PBXNativeTarget "fizzTests" */;
			buildPhases = (
				997E239C2EF3303C004E0E31 /* Sources */,
				997E239D2EF3303C004E0E31 /* Frameworks */,
				997E239E2EF3303C004E0E31 /* Resources */,
			);
			buildRules = (
			);
			dependencies = (
				997E23A22EF3303C004E0E31 /* PBXTargetDependency */,
			);
			fileSystemSynchronizedGroups = (
				997E23A32EF3303C004E0E31 /* fizzTests */,
			);
			name = fizzTests;
			packageProductDependencies = (
			);
			productName = fizzTests;
			productReference = 997E23A02EF3303C004E0E31 /* fizzTests.xctest */;
			productType = "com.apple.product-type.bundle.unit-test";
		};
		997E23A92EF3303D004E0E31 /* fizzUITests */ = {
			isa = PBXNativeTarget;
			buildConfigurationList = 997E23BA2EF3303D004E0E31 /* Build configuration list for PBXNativeTarget "fizzUITests" */;
			buildPhases = (
				997E23A62EF3303D004E0E31 /* Sources */,
				997E23A72EF3303D004E0E31 /* Frameworks */,
				997E23A82EF3303D004E0E31 /* Resources */,
			);
			buildRules = (
			);
			dependencies = (
				997E23AC2EF3303D004E0E31 /* PBXTargetDependency */,
			);
			fileSystemSynchronizedGroups = (
				997E23AD2EF3303D004E0E31 /* fizzUITests */,
			);
			name = fizzUITests;
			packageProductDependencies = (
			);
			productName = fizzUITests;
			productReference = 997E23AA2EF3303D004E0E31 /* fizzUITests.xctest */;
			productType = "com.apple.product-type.bundle.ui-testing";
		};
/* End PBXNativeTarget section */

/* Begin PBXProject section */
		997E23852EF33039004E0E31 /* Project object */ = {
			isa = PBXProject;
			attributes = {
				BuildIndependentTargetsInParallel = 1;
				LastSwiftUpdateCheck = 1620;
				LastUpgradeCheck = 1620;
				TargetAttributes = {
					997E238C2EF33039004E0E31 = {
						CreatedOnToolsVersion = 16.2;
					};
					997E239F2EF3303C004E0E31 = {
						CreatedOnToolsVersion = 16.2;
						TestTargetID = 997E238C2EF33039004E0E31;
					};
					997E23A92EF3303D004E0E31 = {
						CreatedOnToolsVersion = 16.2;
						TestTargetID = 997E238C2EF33039004E0E31;
					};
				};
			};
			buildConfigurationList = 997E23882EF33039004E0E31 /* Build configuration list for PBXProject "fizz" */;
			developmentRegion = en;
			hasScannedForEncodings = 0;
			knownRegions = (
				en,
				Base,
			);
			mainGroup = 997E23842EF33039004E0E31;
			minimizedProjectReferenceProxies = 1;
			packageReferences = (
				99CFC3092EF696920026F4D5 /* XCRemoteSwiftPackageReference "firebase-ios-sdk" */,
			);
			preferredProjectObjectVersion = 77;
			productRefGroup = 997E238E2EF33039004E0E31 /* Products */;
			projectDirPath = "";
			projectRoot = "";
			targets = (
				997E238C2EF33039004E0E31 /* fizz */,
				997E239F2EF3303C004E0E31 /* fizzTests */,
				997E23A92EF3303D004E0E31 /* fizzUITests */,
			);
		};
/* End PBXProject section */

/* Begin PBXResourcesBuildPhase section */
		997E238B2EF33039004E0E31 /* Resources */ = {
			isa = PBXResourcesBuildPhase;
			buildActionMask = 2147483647;
			files = (
				998882F22EF6B25600B429C7 /* GoogleService-Info.plist in Resources */,
			);
			runOnlyForDeploymentPostprocessing = 0;
		};
		997E239E2EF3303C004E0E31 /* Resources */ = {
			isa = PBXResourcesBuildPhase;
			buildActionMask = 2147483647;
			files = (
			);
			runOnlyForDeploymentPostprocessing = 0;
		};
		997E23A82EF3303D004E0E31 /* Resources */ = {
			isa = PBXResourcesBuildPhase;
			buildActionMask = 2147483647;
			files = (
			);
			runOnlyForDeploymentPostprocessing = 0;
		};
/* End PBXResourcesBuildPhase section */

/* Begin PBXSourcesBuildPhase section */
		997E23892EF33039004E0E31 /* Sources */ = {
			isa = PBXSourcesBuildPhase;
			buildActionMask = 2147483647;
			files = (
			);
			runOnlyForDeploymentPostprocessing = 0;
		};
		997E239C2EF3303C004E0E31 /* Sources */ = {
			isa = PBXSourcesBuildPhase;
			buildActionMask = 2147483647;
			files = (
			);
			runOnlyForDeploymentPostprocessing = 0;
		};
		997E23A62EF3303D004E0E31 /* Sources */ = {
			isa = PBXSourcesBuildPhase;
			buildActionMask = 2147483647;
			files = (
			);
			runOnlyForDeploymentPostprocessing = 0;
		};
/* End PBXSourcesBuildPhase section */

/* Begin PBXTargetDependency section */
		997E23A22EF3303C004E0E31 /* PBXTargetDependency */ = {
			isa = PBXTargetDependency;
			target = 997E238C2EF33039004E0E31 /* fizz */;
			targetProxy = 997E23A12EF3303C004E0E31 /* PBXContainerItemProxy */;
		};
		997E23AC2EF3303D004E0E31 /* PBXTargetDependency */ = {
			isa = PBXTargetDependency;
			target = 997E238C2EF33039004E0E31 /* fizz */;
			targetProxy = 997E23AB2EF3303D004E0E31 /* PBXContainerItemProxy */;
		};
/* End PBXTargetDependency section */

/* Begin XCBuildConfiguration section */
		997E23B22EF3303D004E0E31 /* Debug */ = {
			isa = XCBuildConfiguration;
			buildSettings = {
				ALWAYS_SEARCH_USER_PATHS = NO;
				ASSETCATALOG_COMPILER_GENERATE_SWIFT_ASSET_SYMBOL_EXTENSIONS = YES;
				CLANG_ANALYZER_NONNULL = YES;
				CLANG_ANALYZER_NUMBER_OBJECT_CONVERSION = YES_AGGRESSIVE;
				CLANG_CXX_LANGUAGE_STANDARD = "gnu++20";
				CLANG_ENABLE_MODULES = YES;
				CLANG_ENABLE_OBJC_ARC = YES;
				CLANG_ENABLE_OBJC_WEAK = YES;
				CLANG_WARN_BLOCK_CAPTURE_AUTORELEASING = YES;
				CLANG_WARN_BOOL_CONVERSION = YES;
				CLANG_WARN_COMMA = YES;
				CLANG_WARN_CONSTANT_CONVERSION = YES;
				CLANG_WARN_DEPRECATED_OBJC_IMPLEMENTATIONS = YES;
				CLANG_WARN_DIRECT_OBJC_ISA_USAGE = YES_ERROR;
				CLANG_WARN_DOCUMENTATION_COMMENTS = YES;
				CLANG_WARN_EMPTY_BODY = YES;
				CLANG_WARN_ENUM_CONVERSION = YES;
				CLANG_WARN_INFINITE_RECURSION = YES;
				CLANG_WARN_INT_CONVERSION = YES;
				CLANG_WARN_NON_LITERAL_NULL_CONVERSION = YES;
				CLANG_WARN_OBJC_IMPLICIT_RETAIN_SELF = YES;
				CLANG_WARN_OBJC_LITERAL_CONVERSION = YES;
				CLANG_WARN_OBJC_ROOT_CLASS = YES_ERROR;
				CLANG_WARN_QUOTED_INCLUDE_IN_FRAMEWORK_HEADER = YES;
				CLANG_WARN_RANGE_LOOP_ANALYSIS = YES;
				CLANG_WARN_STRICT_PROTOTYPES = YES;
				CLANG_WARN_SUSPICIOUS_MOVE = YES;
				CLANG_WARN_UNGUARDED_AVAILABILITY = YES_AGGRESSIVE;
				CLANG_WARN_UNREACHABLE_CODE = YES;
				CLANG_WARN__DUPLICATE_METHOD_MATCH = YES;
				COPY_PHASE_STRIP = NO;
				DEBUG_INFORMATION_FORMAT = dwarf;
				ENABLE_STRICT_OBJC_MSGSEND = YES;
				ENABLE_TESTABILITY = YES;
				ENABLE_USER_SCRIPT_SANDBOXING = YES;
				GCC_C_LANGUAGE_STANDARD = gnu17;
				GCC_DYNAMIC_NO_PIC = NO;
				GCC_NO_COMMON_BLOCKS = YES;
				GCC_OPTIMIZATION_LEVEL = 0;
				GCC_PREPROCESSOR_DEFINITIONS = (
					"DEBUG=1",
					"$(inherited)",
				);
				GCC_WARN_64_TO_32_BIT_CONVERSION = YES;
				GCC_WARN_ABOUT_RETURN_TYPE = YES_ERROR;
				GCC_WARN_UNDECLARED_SELECTOR = YES;
				GCC_WARN_UNINITIALIZED_AUTOS = YES_AGGRESSIVE;
				GCC_WARN_UNUSED_FUNCTION = YES;
				GCC_WARN_UNUSED_VARIABLE = YES;
				LOCALIZATION_PREFERS_STRING_CATALOGS = YES;
				MTL_ENABLE_DEBUG_INFO = INCLUDE_SOURCE;
				MTL_FAST_MATH = YES;
				ONLY_ACTIVE_ARCH = YES;
				SWIFT_ACTIVE_COMPILATION_CONDITIONS = "DEBUG $(inherited)";
				SWIFT_OPTIMIZATION_LEVEL = "-Onone";
			};
			name = Debug;
		};
		997E23B32EF3303D004E0E31 /* Release */ = {
			isa = XCBuildConfiguration;
			buildSettings = {
				ALWAYS_SEARCH_USER_PATHS = NO;
				ASSETCATALOG_COMPILER_GENERATE_SWIFT_ASSET_SYMBOL_EXTENSIONS = YES;
				CLANG_ANALYZER_NONNULL = YES;
				CLANG_ANALYZER_NUMBER_OBJECT_CONVERSION = YES_AGGRESSIVE;
				CLANG_CXX_LANGUAGE_STANDARD = "gnu++20";
				CLANG_ENABLE_MODULES = YES;
				CLANG_ENABLE_OBJC_ARC = YES;
				CLANG_ENABLE_OBJC_WEAK = YES;
				CLANG_WARN_BLOCK_CAPTURE_AUTORELEASING = YES;
				CLANG_WARN_BOOL_CONVERSION = YES;
				CLANG_WARN_COMMA = YES;
				CLANG_WARN_CONSTANT_CONVERSION = YES;
				CLANG_WARN_DEPRECATED_OBJC_IMPLEMENTATIONS = YES;
				CLANG_WARN_DIRECT_OBJC_ISA_USAGE = YES_ERROR;
				CLANG_WARN_DOCUMENTATION_COMMENTS = YES;
				CLANG_WARN_EMPTY_BODY = YES;
				CLANG_WARN_ENUM_CONVERSION = YES;
				CLANG_WARN_INFINITE_RECURSION = YES;
				CLANG_WARN_INT_CONVERSION = YES;
				CLANG_WARN_NON_LITERAL_NULL_CONVERSION = YES;
				CLANG_WARN_OBJC_IMPLICIT_RETAIN_SELF = YES;
				CLANG_WARN_OBJC_LITERAL_CONVERSION = YES;
				CLANG_WARN_OBJC_ROOT_CLASS = YES_ERROR;
				CLANG_WARN_QUOTED_INCLUDE_IN_FRAMEWORK_HEADER = YES;
				CLANG_WARN_RANGE_LOOP_ANALYSIS = YES;
				CLANG_WARN_STRICT_PROTOTYPES = YES;
				CLANG_WARN_SUSPICIOUS_MOVE = YES;
				CLANG_WARN_UNGUARDED_AVAILABILITY = YES_AGGRESSIVE;
				CLANG_WARN_UNREACHABLE_CODE = YES;
				CLANG_WARN__DUPLICATE_METHOD_MATCH = YES;
				COPY_PHASE_STRIP = NO;
				DEBUG_INFORMATION_FORMAT = "dwarf-with-dsym";
				ENABLE_NS_ASSERTIONS = NO;
				ENABLE_STRICT_OBJC_MSGSEND = YES;
				ENABLE_USER_SCRIPT_SANDBOXING = YES;
				GCC_C_LANGUAGE_STANDARD = gnu17;
				GCC_NO_COMMON_BLOCKS = YES;
				GCC_WARN_64_TO_32_BIT_CONVERSION = YES;
				GCC_WARN_ABOUT_RETURN_TYPE = YES_ERROR;
				GCC_WARN_UNDECLARED_SELECTOR = YES;
				GCC_WARN_UNINITIALIZED_AUTOS = YES_AGGRESSIVE;
				GCC_WARN_UNUSED_FUNCTION = YES;
				GCC_WARN_UNUSED_VARIABLE = YES;
				LOCALIZATION_PREFERS_STRING_CATALOGS = YES;
				MTL_ENABLE_DEBUG_INFO = NO;
				MTL_FAST_MATH = YES;
				SWIFT_COMPILATION_MODE = wholemodule;
			};
			name = Release;
		};
		997E23B52EF3303D004E0E31 /* Debug */ = {
			isa = XCBuildConfiguration;
			buildSettings = {
				ASSETCATALOG_COMPILER_APPICON_NAME = AppIcon;
				ASSETCATALOG_COMPILER_GLOBAL_ACCENT_COLOR_NAME = AccentColor;
				CODE_SIGN_ENTITLEMENTS = fizz/fizz.entitlements;
				CODE_SIGN_STYLE = Automatic;
				CURRENT_PROJECT_VERSION = 1;
				DEVELOPMENT_ASSET_PATHS = "\"fizz/Preview Content\"";
				ENABLE_PREVIEWS = YES;
				GENERATE_INFOPLIST_FILE = YES;
				"INFOPLIST_KEY_UIApplicationSceneManifest_Generation[sdk=iphoneos*]" = YES;
				"INFOPLIST_KEY_UIApplicationSceneManifest_Generation[sdk=iphonesimulator*]" = YES;
				"INFOPLIST_KEY_UIApplicationSupportsIndirectInputEvents[sdk=iphoneos*]" = YES;
				"INFOPLIST_KEY_UIApplicationSupportsIndirectInputEvents[sdk=iphonesimulator*]" = YES;
				"INFOPLIST_KEY_UILaunchScreen_Generation[sdk=iphoneos*]" = YES;
				"INFOPLIST_KEY_UILaunchScreen_Generation[sdk=iphonesimulator*]" = YES;
				"INFOPLIST_KEY_UIStatusBarStyle[sdk=iphoneos*]" = UIStatusBarStyleDefault;
				"INFOPLIST_KEY_UIStatusBarStyle[sdk=iphonesimulator*]" = UIStatusBarStyleDefault;
				INFOPLIST_KEY_UISupportedInterfaceOrientations_iPad = "UIInterfaceOrientationPortrait UIInterfaceOrientationPortraitUpsideDown UIInterfaceOrientationLandscapeLeft UIInterfaceOrientationLandscapeRight";
				INFOPLIST_KEY_UISupportedInterfaceOrientations_iPhone = "UIInterfaceOrientationPortrait UIInterfaceOrientationLandscapeLeft UIInterfaceOrientationLandscapeRight";
				IPHONEOS_DEPLOYMENT_TARGET = 18.2;
				LD_RUNPATH_SEARCH_PATHS = "@executable_path/Frameworks";
				"LD_RUNPATH_SEARCH_PATHS[sdk=macosx*]" = "@executable_path/../Frameworks";
				MACOSX_DEPLOYMENT_TARGET = 14.0;
				MARKETING_VERSION = 1.0;
				PRODUCT_BUNDLE_IDENTIFIER = "com.technolo-gia.fizz";
				PRODUCT_NAME = "$(TARGET_NAME)";
				SDKROOT = auto;
				SUPPORTED_PLATFORMS = "iphoneos iphonesimulator macosx xros xrsimulator";
				SWIFT_EMIT_LOC_STRINGS = YES;
				SWIFT_VERSION = 5.0;
				TARGETED_DEVICE_FAMILY = "1,2,7";
				XROS_DEPLOYMENT_TARGET = 2.2;
			};
			name = Debug;
		};
		997E23B62EF3303D004E0E31 /* Release */ = {
			isa = XCBuildConfiguration;
			buildSettings = {
				ASSETCATALOG_COMPILER_APPICON_NAME = AppIcon;
				ASSETCATALOG_COMPILER_GLOBAL_ACCENT_COLOR_NAME = AccentColor;
				CODE_SIGN_ENTITLEMENTS = fizz/fizz.entitlements;
				CODE_SIGN_STYLE = Automatic;
				CURRENT_PROJECT_VERSION = 1;
				DEVELOPMENT_ASSET_PATHS = "\"fizz/Preview Content\"";
				ENABLE_PREVIEWS = YES;
				GENERATE_INFOPLIST_FILE = YES;
				"INFOPLIST_KEY_UIApplicationSceneManifest_Generation[sdk=iphoneos*]" = YES;
				"INFOPLIST_KEY_UIApplicationSceneManifest_Generation[sdk=iphonesimulator*]" = YES;
				"INFOPLIST_KEY_UIApplicationSupportsIndirectInputEvents[sdk=iphoneos*]" = YES;
				"INFOPLIST_KEY_UIApplicationSupportsIndirectInputEvents[sdk=iphonesimulator*]" = YES;
				"INFOPLIST_KEY_UILaunchScreen_Generation[sdk=iphoneos*]" = YES;
				"INFOPLIST_KEY_UILaunchScreen_Generation[sdk=iphonesimulator*]" = YES;
				"INFOPLIST_KEY_UIStatusBarStyle[sdk=iphoneos*]" = UIStatusBarStyleDefault;
				"INFOPLIST_KEY_UIStatusBarStyle[sdk=iphonesimulator*]" = UIStatusBarStyleDefault;
				INFOPLIST_KEY_UISupportedInterfaceOrientations_iPad = "UIInterfaceOrientationPortrait UIInterfaceOrientationPortraitUpsideDown UIInterfaceOrientationLandscapeLeft UIInterfaceOrientationLandscapeRight";
				INFOPLIST_KEY_UISupportedInterfaceOrientations_iPhone = "UIInterfaceOrientationPortrait UIInterfaceOrientationLandscapeLeft UIInterfaceOrientationLandscapeRight";
				IPHONEOS_DEPLOYMENT_TARGET = 18.2;
				LD_RUNPATH_SEARCH_PATHS = "@executable_path/Frameworks";
				"LD_RUNPATH_SEARCH_PATHS[sdk=macosx*]" = "@executable_path/../Frameworks";
				MACOSX_DEPLOYMENT_TARGET = 14.0;
				MARKETING_VERSION = 1.0;
				PRODUCT_BUNDLE_IDENTIFIER = "com.technolo-gia.fizz";
				PRODUCT_NAME = "$(TARGET_NAME)";
				SDKROOT = auto;
				SUPPORTED_PLATFORMS = "iphoneos iphonesimulator macosx xros xrsimulator";
				SWIFT_EMIT_LOC_STRINGS = YES;
				SWIFT_VERSION = 5.0;
				TARGETED_DEVICE_FAMILY = "1,2,7";
				XROS_DEPLOYMENT_TARGET = 2.2;
			};
			name = Release;
		};
		997E23B82EF3303D004E0E31 /* Debug */ = {
			isa = XCBuildConfiguration;
			buildSettings = {
				BUNDLE_LOADER = "$(TEST_HOST)";
				CODE_SIGN_STYLE = Automatic;
				CURRENT_PROJECT_VERSION = 1;
				GENERATE_INFOPLIST_FILE = YES;
				IPHONEOS_DEPLOYMENT_TARGET = 18.2;
				MACOSX_DEPLOYMENT_TARGET = 15.2;
				MARKETING_VERSION = 1.0;
				PRODUCT_BUNDLE_IDENTIFIER = "com.technolo-gia.fizzTests";
				PRODUCT_NAME = "$(TARGET_NAME)";
				SDKROOT = auto;
				SUPPORTED_PLATFORMS = "iphoneos iphonesimulator macosx xros xrsimulator";
				SWIFT_EMIT_LOC_STRINGS = NO;
				SWIFT_VERSION = 5.0;
				TARGETED_DEVICE_FAMILY = "1,2,7";
				TEST_HOST = "$(BUILT_PRODUCTS_DIR)/fizz.app/$(BUNDLE_EXECUTABLE_FOLDER_PATH)/fizz";
				XROS_DEPLOYMENT_TARGET = 2.2;
			};
			name = Debug;
		};
		997E23B92EF3303D004E0E31 /* Release */ = {
			isa = XCBuildConfiguration;
			buildSettings = {
				BUNDLE_LOADER = "$(TEST_HOST)";
				CODE_SIGN_STYLE = Automatic;
				CURRENT_PROJECT_VERSION = 1;
				GENERATE_INFOPLIST_FILE = YES;
				IPHONEOS_DEPLOYMENT_TARGET = 18.2;
				MACOSX_DEPLOYMENT_TARGET = 15.2;
				MARKETING_VERSION = 1.0;
				PRODUCT_BUNDLE_IDENTIFIER = "com.technolo-gia.fizzTests";
				PRODUCT_NAME = "$(TARGET_NAME)";
				SDKROOT = auto;
				SUPPORTED_PLATFORMS = "iphoneos iphonesimulator macosx xros xrsimulator";
				SWIFT_EMIT_LOC_STRINGS = NO;
				SWIFT_VERSION = 5.0;
				TARGETED_DEVICE_FAMILY = "1,2,7";
				TEST_HOST = "$(BUILT_PRODUCTS_DIR)/fizz.app/$(BUNDLE_EXECUTABLE_FOLDER_PATH)/fizz";
				XROS_DEPLOYMENT_TARGET = 2.2;
			};
			name = Release;
		};
		997E23BB2EF3303D004E0E31 /* Debug */ = {
			isa = XCBuildConfiguration;
			buildSettings = {
				CODE_SIGN_STYLE = Automatic;
				CURRENT_PROJECT_VERSION = 1;
				GENERATE_INFOPLIST_FILE = YES;
				IPHONEOS_DEPLOYMENT_TARGET = 18.2;
				MACOSX_DEPLOYMENT_TARGET = 15.2;
				MARKETING_VERSION = 1.0;
				PRODUCT_BUNDLE_IDENTIFIER = "com.technolo-gia.fizzUITests";
				PRODUCT_NAME = "$(TARGET_NAME)";
				SDKROOT = auto;
				SUPPORTED_PLATFORMS = "iphoneos iphonesimulator macosx xros xrsimulator";
				SWIFT_EMIT_LOC_STRINGS = NO;
				SWIFT_VERSION = 5.0;
				TARGETED_DEVICE_FAMILY = "1,2,7";
				TEST_TARGET_NAME = fizz;
				XROS_DEPLOYMENT_TARGET = 2.2;
			};
			name = Debug;
		};
		997E23BC2EF3303D004E0E31 /* Release */ = {
			isa = XCBuildConfiguration;
			buildSettings = {
				CODE_SIGN_STYLE = Automatic;
				CURRENT_PROJECT_VERSION = 1;
				GENERATE_INFOPLIST_FILE = YES;
				IPHONEOS_DEPLOYMENT_TARGET = 18.2;
				MACOSX_DEPLOYMENT_TARGET = 15.2;
				MARKETING_VERSION = 1.0;
				PRODUCT_BUNDLE_IDENTIFIER = "com.technolo-gia.fizzUITests";
				PRODUCT_NAME = "$(TARGET_NAME)";
				SDKROOT = auto;
				SUPPORTED_PLATFORMS = "iphoneos iphonesimulator macosx xros xrsimulator";
				SWIFT_EMIT_LOC_STRINGS = NO;
				SWIFT_VERSION = 5.0;
				TARGETED_DEVICE_FAMILY = "1,2,7";
				TEST_TARGET_NAME = fizz;
				XROS_DEPLOYMENT_TARGET = 2.2;
			};
			name = Release;
		};
/* End XCBuildConfiguration section */

/* Begin XCConfigurationList section */
		997E23882EF33039004E0E31 /* Build configuration list for PBXProject "fizz" */ = {
			isa = XCConfigurationList;
			buildConfigurations = (
				997E23B22EF3303D004E0E31 /* Debug */,
				997E23B32EF3303D004E0E31 /* Release */,
			);
			defaultConfigurationIsVisible = 0;
			defaultConfigurationName = Release;
		};
		997E23B42EF3303D004E0E31 /* Build configuration list for PBXNativeTarget "fizz" */ = {
			isa = XCConfigurationList;
			buildConfigurations = (
				997E23B52EF3303D004E0E31 /* Debug */,
				997E23B62EF3303D004E0E31 /* Release */,
			);
			defaultConfigurationIsVisible = 0;
			defaultConfigurationName = Release;
		};
		997E23B72EF3303D004E0E31 /* Build configuration list for PBXNativeTarget "fizzTests" */ = {
			isa = XCConfigurationList;
			buildConfigurations = (
				997E23B82EF3303D004E0E31 /* Debug */,
				997E23B92EF3303D004E0E31 /* Release */,
			);
			defaultConfigurationIsVisible = 0;
			defaultConfigurationName = Release;
		};
		997E23BA2EF3303D004E0E31 /* Build configuration list for PBXNativeTarget "fizzUITests" */ = {
			isa = XCConfigurationList;
			buildConfigurations = (
				997E23BB2EF3303D004E0E31 /* Debug */,
				997E23BC2EF3303D004E0E31 /* Release */,
			);
			defaultConfigurationIsVisible = 0;
			defaultConfigurationName = Release;
		};
/* End XCConfigurationList section */

/* Begin XCRemoteSwiftPackageReference section */
		99CFC3092EF696920026F4D5 /* XCRemoteSwiftPackageReference "firebase-ios-sdk" */ = {
			isa = XCRemoteSwiftPackageReference;
			repositoryURL = "https://github.com/firebase/firebase-ios-sdk";
			requirement = {
				kind = upToNextMajorVersion;
				minimumVersion = 12.7.0;
			};
		};
/* End XCRemoteSwiftPackageReference section */

/* Begin XCSwiftPackageProductDependency section */
		99CFC30A2EF696920026F4D5 /* FirebaseAI */ = {
			isa = XCSwiftPackageProductDependency;
			package = 99CFC3092EF696920026F4D5 /* XCRemoteSwiftPackageReference "firebase-ios-sdk" */;
			productName = FirebaseAI;
		};
		99CFC30C2EF696920026F4D5 /* FirebaseAILogic */ = {
			isa = XCSwiftPackageProductDependency;
			package = 99CFC3092EF696920026F4D5 /* XCRemoteSwiftPackageReference "firebase-ios-sdk" */;
			productName = FirebaseAILogic;
		};
		99CFC30E2EF696920026F4D5 /* FirebaseAnalytics */ = {
			isa = XCSwiftPackageProductDependency;
			package = 99CFC3092EF696920026F4D5 /* XCRemoteSwiftPackageReference "firebase-ios-sdk" */;
			productName = FirebaseAnalytics;
		};
		99CFC3102EF696920026F4D5 /* FirebaseAnalyticsCore */ = {
			isa = XCSwiftPackageProductDependency;
			package = 99CFC3092EF696920026F4D5 /* XCRemoteSwiftPackageReference "firebase-ios-sdk" */;
			productName = FirebaseAnalyticsCore;
		};
		99CFC3122EF696920026F4D5 /* FirebaseAnalyticsIdentitySupport */ = {
			isa = XCSwiftPackageProductDependency;
			package = 99CFC3092EF696920026F4D5 /* XCRemoteSwiftPackageReference "firebase-ios-sdk" */;
			productName = FirebaseAnalyticsIdentitySupport;
		};
/* End XCSwiftPackageProductDependency section */
	};
	rootObject = 997E23852EF33039004E0E31 /* Project object */;
}
